
Microsoft Visual Studio Solution File, Format Version 12.00
# Visual Studio Version 17
VisualStudioVersion = 17.3.32922.545
MinimumVisualStudioVersion = 10.0.40219.1
Project("{FAE04EC0-301F-11D3-BF4B-00C04F79EFBC}") = "TesteConnectGroup", "TesteConnectGroup\TesteConnectGroup.csproj", "{36B77844-C118-4766-A0ED-9808545B32A0}"
EndProject
Project("{FAE04EC0-301F-11D3-BF4B-00C04F79EFBC}") = "Teste Palindromo", "Teste Palindromo\Teste Palindromo.csproj", "{ECA6B159-DF08-4CBE-98FB-5439C991CE5E}"
EndProject
Project("{FAE04EC0-301F-11D3-BF4B-00C04F79EFBC}") = "Analise Combinatória", "Analise Combinatória\Analise Combinatória.csproj", "{F562EFC9-685E-4935-B9E2-3502EC8579DF}"
EndProject
Global
	GlobalSection(SolutionConfigurationPlatforms) = preSolution
		Debug|Any CPU = Debug|Any CPU
		Release|Any CPU = Release|Any CPU
	EndGlobalSection
	GlobalSection(ProjectConfigurationPlatforms) = postSolution
		{36B77844-C118-4766-A0ED-9808545B32A0}.Debug|Any CPU.ActiveCfg = Debug|Any CPU
		{36B77844-C118-4766-A0ED-9808545B32A0}.Debug|Any CPU.Build.0 = Debug|Any CPU
		{36B77844-C118-4766-A0ED-9808545B32A0}.Release|Any CPU.ActiveCfg = Release|Any CPU
		{36B77844-C118-4766-A0ED-9808545B32A0}.Release|Any CPU.Build.0 = Release|Any CPU
		{ECA6B159-DF08-4CBE-98FB-5439C991CE5E}.Debug|Any CPU.ActiveCfg = Debug|Any CPU
		{ECA6B159-DF08-4CBE-98FB-5439C991CE5E}.Debug|Any CPU.Build.0 = Debug|Any CPU
		{ECA6B159-DF08-4CBE-98FB-5439C991CE5E}.Release|Any CPU.ActiveCfg = Release|Any CPU
		{ECA6B159-DF08-4CBE-98FB-5439C991CE5E}.Release|Any CPU.Build.0 = Release|Any CPU
		{F562EFC9-685E-4935-B9E2-3502EC8579DF}.Debug|Any CPU.ActiveCfg = Debug|Any CPU
		{F562EFC9-685E-4935-B9E2-3502EC8579DF}.Debug|Any CPU.Build.0 = Debug|Any CPU
		{F562EFC9-685E-4935-B9E2-3502EC8579DF}.Release|Any CPU.ActiveCfg = Release|Any CPU
		{F562EFC9-685E-4935-B9E2-3502EC8579DF}.Release|Any CPU.Build.0 = Release|Any CPU
	EndGlobalSection
	GlobalSection(SolutionProperties) = preSolution
		HideSolutionNode = FALSE
	EndGlobalSection
	GlobalSection(ExtensibilityGlobals) = postSolution
		SolutionGuid = {3BCAFF9B-8124-4C19-82CA-3F6211235960}
	EndGlobalSection
EndGlobal
